
Microsoft Visual Studio Solution File, Format Version 12.00
# Visual Studio 15
VisualStudioVersion = 15.0.26430.12
MinimumVisualStudioVersion = 10.0.40219.1
Project("{FAE04EC0-301F-11D3-BF4B-00C04F79EFBC}") = "SimpleCrawler", "src\SimpleCrawler.csproj", "{67F07677-22A9-4176-B549-28F1448B0448}"
EndProject
Project("{FAE04EC0-301F-11D3-BF4B-00C04F79EFBC}") = "SimpleCrawler.Demo", "demo\SimpleCrawler.Demo.csproj", "{E958D4BD-AC93-439C-90C1-7093969D9EF2}"
EndProject
Project("{FAE04EC0-301F-11D3-BF4B-00C04F79EFBC}") = "ScapySharp", "ScapySharp\ScapySharp.csproj", "{23A3D889-8D77-4436-B31B-312605B47A11}"
EndProject
Project("{FAE04EC0-301F-11D3-BF4B-00C04F79EFBC}") = "CrawlerData", "Data\CrawlerData.csproj", "{424F9286-BE9E-4C27-A8E7-C7640EF6C8EC}"
EndProject
Project("{FAE04EC0-301F-11D3-BF4B-00C04F79EFBC}") = "CrawlerWeb", "CrawlerWeb\CrawlerWeb.csproj", "{973A1CE9-81B1-42BF-B876-F7A82C6A82D0}"
EndProject
Project("{9A19103F-16F7-4668-BE54-9A1E7A4F7556}") = "CrawlerCore", "CrawlerWebCore\CrawlerCore.csproj", "{6B68F57D-BD1A-4B5A-B35A-6B5D8C09249B}"
EndProject
Project("{FAE04EC0-301F-11D3-BF4B-00C04F79EFBC}") = "CrawlerSelenium", "CrawlerSelenium\CrawlerSelenium.csproj", "{01BC2EBC-76A6-4DD4-AFAF-F6EC57379E9A}"
EndProject
Global
	GlobalSection(SolutionConfigurationPlatforms) = preSolution
		Debug|Any CPU = Debug|Any CPU
		Release|Any CPU = Release|Any CPU
	EndGlobalSection
	GlobalSection(ProjectConfigurationPlatforms) = postSolution
		{67F07677-22A9-4176-B549-28F1448B0448}.Debug|Any CPU.ActiveCfg = Debug|Any CPU
		{67F07677-22A9-4176-B549-28F1448B0448}.Debug|Any CPU.Build.0 = Debug|Any CPU
		{67F07677-22A9-4176-B549-28F1448B0448}.Release|Any CPU.ActiveCfg = Release|Any CPU
		{67F07677-22A9-4176-B549-28F1448B0448}.Release|Any CPU.Build.0 = Release|Any CPU
		{E958D4BD-AC93-439C-90C1-7093969D9EF2}.Debug|Any CPU.ActiveCfg = Debug|Any CPU
		{E958D4BD-AC93-439C-90C1-7093969D9EF2}.Debug|Any CPU.Build.0 = Debug|Any CPU
		{E958D4BD-AC93-439C-90C1-7093969D9EF2}.Release|Any CPU.ActiveCfg = Release|Any CPU
		{E958D4BD-AC93-439C-90C1-7093969D9EF2}.Release|Any CPU.Build.0 = Release|Any CPU
		{23A3D889-8D77-4436-B31B-312605B47A11}.Debug|Any CPU.ActiveCfg = Debug|Any CPU
		{23A3D889-8D77-4436-B31B-312605B47A11}.Debug|Any CPU.Build.0 = Debug|Any CPU
		{23A3D889-8D77-4436-B31B-312605B47A11}.Release|Any CPU.ActiveCfg = Release|Any CPU
		{23A3D889-8D77-4436-B31B-312605B47A11}.Release|Any CPU.Build.0 = Release|Any CPU
		{424F9286-BE9E-4C27-A8E7-C7640EF6C8EC}.Debug|Any CPU.ActiveCfg = Debug|Any CPU
		{424F9286-BE9E-4C27-A8E7-C7640EF6C8EC}.Debug|Any CPU.Build.0 = Debug|Any CPU
		{424F9286-BE9E-4C27-A8E7-C7640EF6C8EC}.Release|Any CPU.ActiveCfg = Release|Any CPU
		{424F9286-BE9E-4C27-A8E7-C7640EF6C8EC}.Release|Any CPU.Build.0 = Release|Any CPU
		{973A1CE9-81B1-42BF-B876-F7A82C6A82D0}.Debug|Any CPU.ActiveCfg = Debug|Any CPU
		{973A1CE9-81B1-42BF-B876-F7A82C6A82D0}.Debug|Any CPU.Build.0 = Debug|Any CPU
		{973A1CE9-81B1-42BF-B876-F7A82C6A82D0}.Release|Any CPU.ActiveCfg = Release|Any CPU
		{973A1CE9-81B1-42BF-B876-F7A82C6A82D0}.Release|Any CPU.Build.0 = Release|Any CPU
		{6B68F57D-BD1A-4B5A-B35A-6B5D8C09249B}.Debug|Any CPU.ActiveCfg = Debug|Any CPU
		{6B68F57D-BD1A-4B5A-B35A-6B5D8C09249B}.Debug|Any CPU.Build.0 = Debug|Any CPU
		{6B68F57D-BD1A-4B5A-B35A-6B5D8C09249B}.Release|Any CPU.ActiveCfg = Release|Any CPU
		{6B68F57D-BD1A-4B5A-B35A-6B5D8C09249B}.Release|Any CPU.Build.0 = Release|Any CPU
		{01BC2EBC-76A6-4DD4-AFAF-F6EC57379E9A}.Debug|Any CPU.ActiveCfg = Debug|Any CPU
		{01BC2EBC-76A6-4DD4-AFAF-F6EC57379E9A}.Debug|Any CPU.Build.0 = Debug|Any CPU
		{01BC2EBC-76A6-4DD4-AFAF-F6EC57379E9A}.Release|Any CPU.ActiveCfg = Release|Any CPU
		{01BC2EBC-76A6-4DD4-AFAF-F6EC57379E9A}.Release|Any CPU.Build.0 = Release|Any CPU
	EndGlobalSection
	GlobalSection(SolutionProperties) = preSolution
		HideSolutionNode = FALSE
	EndGlobalSection
EndGlobal
